// !$*UTF8*$!
{
	archiveVersion = 1;
	classes = {
	};
	objectVersion = 50;
	objects = {

/* Begin PBXBuildFile section */
		403A509D222284B2009D728F /* AppDelegate.swift in Sources */ = {isa = PBXBuildFile; fileRef = 403A509C222284B2009D728F /* AppDelegate.swift */; };
		403A509F222284B2009D728F /* ViewController.swift in Sources */ = {isa = PBXBuildFile; fileRef = 403A509E222284B2009D728F /* ViewController.swift */; };
		403A50A2222284B2009D728F /* Main.storyboard in Resources */ = {isa = PBXBuildFile; fileRef = 403A50A0222284B2009D728F /* Main.storyboard */; };
		403A50A4222284B2009D728F /* Assets.xcassets in Resources */ = {isa = PBXBuildFile; fileRef = 403A50A3222284B2009D728F /* Assets.xcassets */; };
		403A50A7222284B2009D728F /* LaunchScreen.storyboard in Resources */ = {isa = PBXBuildFile; fileRef = 403A50A5222284B2009D728F /* LaunchScreen.storyboard */; };
		403A50B2222284B2009D728F /* __UIDatePickerTests.swift in Sources */ = {isa = PBXBuildFile; fileRef = 403A50B1222284B2009D728F /* __UIDatePickerTests.swift */; };
		403A50BD222284B2009D728F /* __UIDatePickerUITests.swift in Sources */ = {isa = PBXBuildFile; fileRef = 403A50BC222284B2009D728F /* __UIDatePickerUITests.swift */; };
/* End PBXBuildFile section */

/* Begin PBXContainerItemProxy section */
		403A50AE222284B2009D728F /* PBXContainerItemProxy */ = {
			isa = PBXContainerItemProxy;
			containerPortal = 403A5091222284B2009D728F /* Project object */;
			proxyType = 1;
			remoteGlobalIDString = 403A5098222284B2009D728F;
			remoteInfo = 1.UIDatePicker;
		};
		403A50B9222284B2009D728F /* PBXContainerItemProxy */ = {
			isa = PBXContainerItemProxy;
			containerPortal = 403A5091222284B2009D728F /* Project object */;
			proxyType = 1;
			remoteGlobalIDString = 403A5098222284B2009D728F;
			remoteInfo = 1.UIDatePicker;
		};
/* End PBXContainerItemProxy section */

/* Begin PBXFileReference section */
		403A5099222284B2009D728F /* 1.UIDatePicker.app */ = {isa = PBXFileReference; explicitFileType = wrapper.application; includeInIndex = 0; path = 1.UIDatePicker.app; sourceTree = BUILT_PRODUCTS_DIR; };
		403A509C222284B2009D728F /* AppDelegate.swift */ = {isa = PBXFileReference; lastKnownFileType = sourcecode.swift; path = AppDelegate.swift; sourceTree = "<group>"; };
		403A509E222284B2009D728F /* ViewController.swift */ = {isa = PBXFileReference; lastKnownFileType = sourcecode.swift; path = ViewController.swift; sourceTree = "<group>"; };
		403A50A1222284B2009D728F /* Base */ = {isa = PBXFileReference; lastKnownFileType = file.storyboard; name = Base; path = Base.lproj/Main.storyboard; sourceTree = "<group>"; };
		403A50A3222284B2009D728F /* Assets.xcassets */ = {isa = PBXFileReference; lastKnownFileType = folder.assetcatalog; path = Assets.xcassets; sourceTree = "<group>"; };
		403A50A6222284B2009D728F /* Base */ = {isa = PBXFileReference; lastKnownFileType = file.storyboard; name = Base; path = Base.lproj/LaunchScreen.storyboard; sourceTree = "<group>"; };
		403A50A8222284B2009D728F /* Info.plist */ = {isa = PBXFileReference; lastKnownFileType = text.plist.xml; path = Info.plist; sourceTree = "<group>"; };
		403A50AD222284B2009D728F /* 1.UIDatePickerTests.xctest */ = {isa = PBXFileReference; explicitFileType = wrapper.cfbundle; includeInIndex = 0; path = 1.UIDatePickerTests.xctest; sourceTree = BUILT_PRODUCTS_DIR; };
		403A50B1222284B2009D728F /* __UIDatePickerTests.swift */ = {isa = PBXFileReference; lastKnownFileType = sourcecode.swift; path = __UIDatePickerTests.swift; sourceTree = "<group>"; };
		403A50B3222284B2009D728F /* Info.plist */ = {isa = PBXFileReference; lastKnownFileType = text.plist.xml; path = Info.plist; sourceTree = "<group>"; };
		403A50B8222284B2009D728F /* 1.UIDatePickerUITests.xctest */ = {isa = PBXFileReference; explicitFileType = wrapper.cfbundle; includeInIndex = 0; path = 1.UIDatePickerUITests.xctest; sourceTree = BUILT_PRODUCTS_DIR; };
		403A50BC222284B2009D728F /* __UIDatePickerUITests.swift */ = {isa = PBXFileReference; lastKnownFileType = sourcecode.swift; path = __UIDatePickerUITests.swift; sourceTree = "<group>"; };
		403A50BE222284B2009D728F /* Info.plist */ = {isa = PBXFileReference; lastKnownFileType = text.plist.xml; path = Info.plist; sourceTree = "<group>"; };
/* End PBXFileReference section */

/* Begin PBXFrameworksBuildPhase section */
		403A5096222284B2009D728F /* Frameworks */ = {
			isa = PBXFrameworksBuildPhase;
			buildActionMask = 2147483647;
			files = (
			);
			runOnlyForDeploymentPostprocessing = 0;
		};
		403A50AA222284B2009D728F /* Frameworks */ = {
			isa = PBXFrameworksBuildPhase;
			buildActionMask = 2147483647;
			files = (
			);
			runOnlyForDeploymentPostprocessing = 0;
		};
		403A50B5222284B2009D728F /* Frameworks */ = {
			isa = PBXFrameworksBuildPhase;
			buildActionMask = 2147483647;
			files = (
			);
			runOnlyForDeploymentPostprocessing = 0;
		};
/* End PBXFrameworksBuildPhase section */

/* Begin PBXGroup section */
		403A5090222284B2009D728F = {
			isa = PBXGroup;
			children = (
				403A509B222284B2009D728F /* 1.UIDatePicker */,
				403A50B0222284B2009D728F /* 1.UIDatePickerTests */,
				403A50BB222284B2009D728F /* 1.UIDatePickerUITests */,
				403A509A222284B2009D728F /* Products */,
			);
			sourceTree = "<group>";
		};
		403A509A222284B2009D728F /* Products */ = {
			isa = PBXGroup;
			children = (
				403A5099222284B2009D728F /* 1.UIDatePicker.app */,
				403A50AD222284B2009D728F /* 1.UIDatePickerTests.xctest */,
				403A50B8222284B2009D728F /* 1.UIDatePickerUITests.xctest */,
			);
			name = Products;
			sourceTree = "<group>";
		};
		403A509B222284B2009D728F /* 1.UIDatePicker */ = {
			isa = PBXGroup;
			children = (
				403A509C222284B2009D728F /* AppDelegate.swift */,
				403A509E222284B2009D728F /* ViewController.swift */,
				403A50A0222284B2009D728F /* Main.storyboard */,
				403A50A3222284B2009D728F /* Assets.xcassets */,
				403A50A5222284B2009D728F /* LaunchScreen.storyboard */,
				403A50A8222284B2009D728F /* Info.plist */,
			);
			path = 1.UIDatePicker;
			sourceTree = "<group>";
		};
		403A50B0222284B2009D728F /* 1.UIDatePickerTests */ = {
			isa = PBXGroup;
			children = (
				403A50B1222284B2009D728F /* __UIDatePickerTests.swift */,
				403A50B3222284B2009D728F /* Info.plist */,
			);
			path = 1.UIDatePickerTests;
			sourceTree = "<group>";
		};
		403A50BB222284B2009D728F /* 1.UIDatePickerUITests */ = {
			isa = PBXGroup;
			children = (
				403A50BC222284B2009D728F /* __UIDatePickerUITests.swift */,
				403A50BE222284B2009D728F /* Info.plist */,
			);
			path = 1.UIDatePickerUITests;
			sourceTree = "<group>";
		};
/* End PBXGroup section */

/* Begin PBXNativeTarget section */
		403A5098222284B2009D728F /* 1.UIDatePicker */ = {
			isa = PBXNativeTarget;
			buildConfigurationList = 403A50C1222284B2009D728F /* Build configuration list for PBXNativeTarget "1.UIDatePicker" */;
			buildPhases = (
				403A5095222284B2009D728F /* Sources */,
				403A5096222284B2009D728F /* Frameworks */,
				403A5097222284B2009D728F /* Resources */,
			);
			buildRules = (
			);
			dependencies = (
			);
			name = 1.UIDatePicker;
			productName = 1.UIDatePicker;
			productReference = 403A5099222284B2009D728F /* 1.UIDatePicker.app */;
			productType = "com.apple.product-type.application";
		};
		403A50AC222284B2009D728F /* 1.UIDatePickerTests */ = {
			isa = PBXNativeTarget;
			buildConfigurationList = 403A50C4222284B2009D728F /* Build configuration list for PBXNativeTarget "1.UIDatePickerTests" */;
			buildPhases = (
				403A50A9222284B2009D728F /* Sources */,
				403A50AA222284B2009D728F /* Frameworks */,
				403A50AB222284B2009D728F /* Resources */,
			);
			buildRules = (
			);
			dependencies = (
				403A50AF222284B2009D728F /* PBXTargetDependency */,
			);
			name = 1.UIDatePickerTests;
			productName = 1.UIDatePickerTests;
			productReference = 403A50AD222284B2009D728F /* 1.UIDatePickerTests.xctest */;
			productType = "com.apple.product-type.bundle.unit-test";
		};
		403A50B7222284B2009D728F /* 1.UIDatePickerUITests */ = {
			isa = PBXNativeTarget;
			buildConfigurationList = 403A50C7222284B2009D728F /* Build configuration list for PBXNativeTarget "1.UIDatePickerUITests" */;
			buildPhases = (
				403A50B4222284B2009D728F /* Sources */,
				403A50B5222284B2009D728F /* Frameworks */,
				403A50B6222284B2009D728F /* Resources */,
			);
			buildRules = (
			);
			dependencies = (
				403A50BA222284B2009D728F /* PBXTargetDependency */,
			);
			name = 1.UIDatePickerUITests;
			productName = 1.UIDatePickerUITests;
			productReference = 403A50B8222284B2009D728F /* 1.UIDatePickerUITests.xctest */;
			productType = "com.apple.product-type.bundle.ui-testing";
		};
/* End PBXNativeTarget section */

/* Begin PBXProject section */
		403A5091222284B2009D728F /* Project object */ = {
			isa = PBXProject;
			attributes = {
				LastSwiftUpdateCheck = 1000;
				LastUpgradeCheck = 1000;
				ORGANIZATIONNAME = "王玲峰";
				TargetAttributes = {
					403A5098222284B2009D728F = {
						CreatedOnToolsVersion = 10.0;
					};
					403A50AC222284B2009D728F = {
						CreatedOnToolsVersion = 10.0;
						TestTargetID = 403A5098222284B2009D728F;
					};
					403A50B7222284B2009D728F = {
						CreatedOnToolsVersion = 10.0;
						TestTargetID = 403A5098222284B2009D728F;
					};
				};
			};
			buildConfigurationList = 403A5094222284B2009D728F /* Build configuration list for PBXProject "1.UIDatePicker" */;
			compatibilityVersion = "Xcode 9.3";
			developmentRegion = en;
			hasScannedForEncodings = 0;
			knownRegions = (
				en,
				Base,
			);
			mainGroup = 403A5090222284B2009D728F;
			productRefGroup = 403A509A222284B2009D728F /* Products */;
			projectDirPath = "";
			projectRoot = "";
			targets = (
				403A5098222284B2009D728F /* 1.UIDatePicker */,
				403A50AC222284B2009D728F /* 1.UIDatePickerTests */,
				403A50B7222284B2009D728F /* 1.UIDatePickerUITests */,
			);
		};
/* End PBXProject section */

/* Begin PBXResourcesBuildPhase section */
		403A5097222284B2009D728F /* Resources */ = {
			isa = PBXResourcesBuildPhase;
			buildActionMask = 2147483647;
			files = (
				403A50A7222284B2009D728F /* LaunchScreen.storyboard in Resources */,
				403A50A4222284B2009D728F /* Assets.xcassets in Resources */,
				403A50A2222284B2009D728F /* Main.storyboard in Resources */,
			);
			runOnlyForDeploymentPostprocessing = 0;
		};
		403A50AB222284B2009D728F /* Resources */ = {
			isa = PBXResourcesBuildPhase;
			buildActionMask = 2147483647;
			files = (
			);
			runOnlyForDeploymentPostprocessing = 0;
		};
		403A50B6222284B2009D728F /* Resources */ = {
			isa = PBXResourcesBuildPhase;
			buildActionMask = 2147483647;
			files = (
			);
			runOnlyForDeploymentPostprocessing = 0;
		};
/* End PBXResourcesBuildPhase section */

/* Begin PBXSourcesBuildPhase section */
		403A5095222284B2009D728F /* Sources */ = {
			isa = PBXSourcesBuildPhase;
			buildActionMask = 2147483647;
			files = (
				403A509F222284B2009D728F /* ViewController.swift in Sources */,
				403A509D222284B2009D728F /* AppDelegate.swift in Sources */,
			);
			runOnlyForDeploymentPostprocessing = 0;
		};
		403A50A9222284B2009D728F /* Sources */ = {
			isa = PBXSourcesBuildPhase;
			buildActionMask = 2147483647;
			files = (
				403A50B2222284B2009D728F /* __UIDatePickerTests.swift in Sources */,
			);
			runOnlyForDeploymentPostprocessing = 0;
		};
		403A50B4222284B2009D728F /* Sources */ = {
			isa = PBXSourcesBuildPhase;
			buildActionMask = 2147483647;
			files = (
				403A50BD222284B2009D728F /* __UIDatePickerUITests.swift in Sources */,
			);
			runOnlyForDeploymentPostprocessing = 0;
		};
/* End PBXSourcesBuildPhase section */

/* Begin PBXTargetDependency section */
		403A50AF222284B2009D728F /* PBXTargetDependency */ = {
			isa = PBXTargetDependency;
			target = 403A5098222284B2009D728F /* 1.UIDatePicker */;
			targetProxy = 403A50AE222284B2009D728F /* PBXContainerItemProxy */;
		};
		403A50BA222284B2009D728F /* PBXTargetDependency */ = {
			isa = PBXTargetDependency;
			target = 403A5098222284B2009D728F /* 1.UIDatePicker */;
			targetProxy = 403A50B9222284B2009D728F /* PBXContainerItemProxy */;
		};
/* End PBXTargetDependency section */

/* Begin PBXVariantGroup section */
		403A50A0222284B2009D728F /* Main.storyboard */ = {
			isa = PBXVariantGroup;
			children = (
				403A50A1222284B2009D728F /* Base */,
			);
			name = Main.storyboard;
			sourceTree = "<group>";
		};
		403A50A5222284B2009D728F /* LaunchScreen.storyboard */ = {
			isa = PBXVariantGroup;
			children = (
				403A50A6222284B2009D728F /* Base */,
			);
			name = LaunchScreen.storyboard;
			sourceTree = "<group>";
		};
/* End PBXVariantGroup section */

/* Begin XCBuildConfiguration section */
		403A50BF222284B2009D728F /* Debug */ = {
			isa = XCBuildConfiguration;
			buildSettings = {
				ALWAYS_SEARCH_USER_PATHS = NO;
				CLANG_ANALYZER_NONNULL = YES;
				CLANG_ANALYZER_NUMBER_OBJECT_CONVERSION = YES_AGGRESSIVE;
				CLANG_CXX_LANGUAGE_STANDARD = "gnu++14";
				CLANG_CXX_LIBRARY = "libc++";
				CLANG_ENABLE_MODULES = YES;
				CLANG_ENABLE_OBJC_ARC = YES;
				CLANG_ENABLE_OBJC_WEAK = YES;
				CLANG_WARN_BLOCK_CAPTURE_AUTORELEASING = YES;
				CLANG_WARN_BOOL_CONVERSION = YES;
				CLANG_WARN_COMMA = YES;
				CLANG_WARN_CONSTANT_CONVERSION = YES;
				CLANG_WARN_DEPRECATED_OBJC_IMPLEMENTATIONS = YES;
				CLANG_WARN_DIRECT_OBJC_ISA_USAGE = YES_ERROR;
				CLANG_WARN_DOCUMENTATION_COMMENTS = YES;
				CLANG_WARN_EMPTY_BODY = YES;
				CLANG_WARN_ENUM_CONVERSION = YES;
				CLANG_WARN_INFINITE_RECURSION = YES;
				CLANG_WARN_INT_CONVERSION = YES;
				CLANG_WARN_NON_LITERAL_NULL_CONVERSION = YES;
				CLANG_WARN_OBJC_IMPLICIT_RETAIN_SELF = YES;
				CLANG_WARN_OBJC_LITERAL_CONVERSION = YES;
				CLANG_WARN_OBJC_ROOT_CLASS = YES_ERROR;
				CLANG_WARN_RANGE_LOOP_ANALYSIS = YES;
				CLANG_WARN_STRICT_PROTOTYPES = YES;
				CLANG_WARN_SUSPICIOUS_MOVE = YES;
				CLANG_WARN_UNGUARDED_AVAILABILITY = YES_AGGRESSIVE;
				CLANG_WARN_UNREACHABLE_CODE = YES;
				CLANG_WARN__DUPLICATE_METHOD_MATCH = YES;
				CODE_SIGN_IDENTITY = "iPhone Developer";
				COPY_PHASE_STRIP = NO;
				DEBUG_INFORMATION_FORMAT = dwarf;
				ENABLE_STRICT_OBJC_MSGSEND = YES;
				ENABLE_TESTABILITY = YES;
				GCC_C_LANGUAGE_STANDARD = gnu11;
				GCC_DYNAMIC_NO_PIC = NO;
				GCC_NO_COMMON_BLOCKS = YES;
				GCC_OPTIMIZATION_LEVEL = 0;
				GCC_PREPROCESSOR_DEFINITIONS = (
					"DEBUG=1",
					"$(inherited)",
				);
				GCC_WARN_64_TO_32_BIT_CONVERSION = YES;
				GCC_WARN_ABOUT_RETURN_TYPE = YES_ERROR;
				GCC_WARN_UNDECLARED_SELECTOR = YES;
				GCC_WARN_UNINITIALIZED_AUTOS = YES_AGGRESSIVE;
				GCC_WARN_UNUSED_FUNCTION = YES;
				GCC_WARN_UNUSED_VARIABLE = YES;
				IPHONEOS_DEPLOYMENT_TARGET = 12.0;
				MTL_ENABLE_DEBUG_INFO = INCLUDE_SOURCE;
				MTL_FAST_MATH = YES;
				ONLY_ACTIVE_ARCH = YES;
				SDKROOT = iphoneos;
				SWIFT_ACTIVE_COMPILATION_CONDITIONS = DEBUG;
				SWIFT_OPTIMIZATION_LEVEL = "-Onone";
			};
			name = Debug;
		};
		403A50C0222284B2009D728F /* Release */ = {
			isa = XCBuildConfiguration;
			buildSettings = {
				ALWAYS_SEARCH_USER_PATHS = NO;
				CLANG_ANALYZER_NONNULL = YES;
				CLANG_ANALYZER_NUMBER_OBJECT_CONVERSION = YES_AGGRESSIVE;
				CLANG_CXX_LANGUAGE_STANDARD = "gnu++14";
				CLANG_CXX_LIBRARY = "libc++";
				CLANG_ENABLE_MODULES = YES;
				CLANG_ENABLE_OBJC_ARC = YES;
				CLANG_ENABLE_OBJC_WEAK = YES;
				CLANG_WARN_BLOCK_CAPTURE_AUTORELEASING = YES;
				CLANG_WARN_BOOL_CONVERSION = YES;
				CLANG_WARN_COMMA = YES;
				CLANG_WARN_CONSTANT_CONVERSION = YES;
				CLANG_WARN_DEPRECATED_OBJC_IMPLEMENTATIONS = YES;
				CLANG_WARN_DIRECT_OBJC_ISA_USAGE = YES_ERROR;
				CLANG_WARN_DOCUMENTATION_COMMENTS = YES;
				CLANG_WARN_EMPTY_BODY = YES;
				CLANG_WARN_ENUM_CONVERSION = YES;
				CLANG_WARN_INFINITE_RECURSION = YES;
				CLANG_WARN_INT_CONVERSION = YES;
				CLANG_WARN_NON_LITERAL_NULL_CONVERSION = YES;
				CLANG_WARN_OBJC_IMPLICIT_RETAIN_SELF = YES;
				CLANG_WARN_OBJC_LITERAL_CONVERSION = YES;
				CLANG_WARN_OBJC_ROOT_CLASS = YES_ERROR;
				CLANG_WARN_RANGE_LOOP_ANALYSIS = YES;
				CLANG_WARN_STRICT_PROTOTYPES = YES;
				CLANG_WARN_SUSPICIOUS_MOVE = YES;
				CLANG_WARN_UNGUARDED_AVAILABILITY = YES_AGGRESSIVE;
				CLANG_WARN_UNREACHABLE_CODE = YES;
				CLANG_WARN__DUPLICATE_METHOD_MATCH = YES;
				CODE_SIGN_IDENTITY = "iPhone Developer";
				COPY_PHASE_STRIP = NO;
				DEBUG_INFORMATION_FORMAT = "dwarf-with-dsym";
				ENABLE_NS_ASSERTIONS = NO;
				ENABLE_STRICT_OBJC_MSGSEND = YES;
				GCC_C_LANGUAGE_STANDARD = gnu11;
				GCC_NO_COMMON_BLOCKS = YES;
				GCC_WARN_64_TO_32_BIT_CONVERSION = YES;
				GCC_WARN_ABOUT_RETURN_TYPE = YES_ERROR;
				GCC_WARN_UNDECLARED_SELECTOR = YES;
				GCC_WARN_UNINITIALIZED_AUTOS = YES_AGGRESSIVE;
				GCC_WARN_UNUSED_FUNCTION = YES;
				GCC_WARN_UNUSED_VARIABLE = YES;
				IPHONEOS_DEPLOYMENT_TARGET = 12.0;
				MTL_ENABLE_DEBUG_INFO = NO;
				MTL_FAST_MATH = YES;
				SDKROOT = iphoneos;
				SWIFT_COMPILATION_MODE = wholemodule;
				SWIFT_OPTIMIZATION_LEVEL = "-O";
				VALIDATE_PRODUCT = YES;
			};
			name = Release;
		};
		403A50C2222284B2009D728F /* Debug */ = {
			isa = XCBuildConfiguration;
			buildSettings = {
				ASSETCATALOG_COMPILER_APPICON_NAME = AppIcon;
				CODE_SIGN_STYLE = Automatic;
				INFOPLIST_FILE = 1.UIDatePicker/Info.plist;
				LD_RUNPATH_SEARCH_PATHS = (
					"$(inherited)",
					"@executable_path/Frameworks",
				);
				PRODUCT_BUNDLE_IDENTIFIER = "com.wlfggg.--UIDatePicker";
				PRODUCT_NAME = "$(TARGET_NAME)";
				SWIFT_VERSION = 4.2;
				TARGETED_DEVICE_FAMILY = "1,2";
			};
			name = Debug;
		};
		403A50C3222284B2009D728F /* Release */ = {
			isa = XCBuildConfiguration;
			buildSettings = {
				ASSETCATALOG_COMPILER_APPICON_NAME = AppIcon;
				CODE_SIGN_STYLE = Automatic;
				INFOPLIST_FILE = 1.UIDatePicker/Info.plist;
				LD_RUNPATH_SEARCH_PATHS = (
					"$(inherited)",
					"@executable_path/Frameworks",
				);
				PRODUCT_BUNDLE_IDENTIFIER = "com.wlfggg.--UIDatePicker";
				PRODUCT_NAME = "$(TARGET_NAME)";
				SWIFT_VERSION = 4.2;
				TARGETED_DEVICE_FAMILY = "1,2";
			};
			name = Release;
		};
		403A50C5222284B2009D728F /* Debug */ = {
			isa = XCBuildConfiguration;
			buildSettings = {
				ALWAYS_EMBED_SWIFT_STANDARD_LIBRARIES = YES;
				BUNDLE_LOADER = "$(TEST_HOST)";
				CODE_SIGN_STYLE = Automatic;
				INFOPLIST_FILE = 1.UIDatePickerTests/Info.plist;
				LD_RUNPATH_SEARCH_PATHS = (
					"$(inherited)",
					"@executable_path/Frameworks",
					"@loader_path/Frameworks",
				);
				PRODUCT_BUNDLE_IDENTIFIER = "com.wlfggg.--UIDatePickerTests";
				PRODUCT_NAME = "$(TARGET_NAME)";
				SWIFT_VERSION = 4.2;
				TARGETED_DEVICE_FAMILY = "1,2";
				TEST_HOST = "$(BUILT_PRODUCTS_DIR)/1.UIDatePicker.app/1.UIDatePicker";
			};
			name = Debug;
		};
		403A50C6222284B2009D728F /* Release */ = {
			isa = XCBuildConfiguration;
			buildSettings = {
				ALWAYS_EMBED_SWIFT_STANDARD_LIBRARIES = YES;
				BUNDLE_LOADER = "$(TEST_HOST)";
				CODE_SIGN_STYLE = Automatic;
				INFOPLIST_FILE = 1.UIDatePickerTests/Info.plist;
				LD_RUNPATH_SEARCH_PATHS = (
					"$(inherited)",
					"@executable_path/Frameworks",
					"@loader_path/Frameworks",
				);
				PRODUCT_BUNDLE_IDENTIFIER = "com.wlfggg.--UIDatePickerTests";
				PRODUCT_NAME = "$(TARGET_NAME)";
				SWIFT_VERSION = 4.2;
				TARGETED_DEVICE_FAMILY = "1,2";
				TEST_HOST = "$(BUILT_PRODUCTS_DIR)/1.UIDatePicker.app/1.UIDatePicker";
			};
			name = Release;
		};
		403A50C8222284B2009D728F /* Debug */ = {
			isa = XCBuildConfiguration;
			buildSettings = {
				ALWAYS_EMBED_SWIFT_STANDARD_LIBRARIES = YES;
				CODE_SIGN_STYLE = Automatic;
				INFOPLIST_FILE = 1.UIDatePickerUITests/Info.plist;
				LD_RUNPATH_SEARCH_PATHS = (
					"$(inherited)",
					"@executable_path/Frameworks",
					"@loader_path/Frameworks",
				);
				PRODUCT_BUNDLE_IDENTIFIER = "com.wlfggg.--UIDatePickerUITests";
				PRODUCT_NAME = "$(TARGET_NAME)";
				SWIFT_VERSION = 4.2;
				TARGETED_DEVICE_FAMILY = "1,2";
				TEST_TARGET_NAME = 1.UIDatePicker;
			};
			name = Debug;
		};
		403A50C9222284B2009D728F /* Release */ = {
			isa = XCBuildConfiguration;
			buildSettings = {
				ALWAYS_EMBED_SWIFT_STANDARD_LIBRARIES = YES;
				CODE_SIGN_STYLE = Automatic;
				INFOPLIST_FILE = 1.UIDatePickerUITests/Info.plist;
				LD_RUNPATH_SEARCH_PATHS = (
					"$(inherited)",
					"@executable_path/Frameworks",
					"@loader_path/Frameworks",
				);
				PRODUCT_BUNDLE_IDENTIFIER = "com.wlfggg.--UIDatePickerUITests";
				PRODUCT_NAME = "$(TARGET_NAME)";
				SWIFT_VERSION = 4.2;
				TARGETED_DEVICE_FAMILY = "1,2";
				TEST_TARGET_NAME = 1.UIDatePicker;
			};
			name = Release;
		};
/* End XCBuildConfiguration section */

/* Begin XCConfigurationList section */
		403A5094222284B2009D728F /* Build configuration list for PBXProject "1.UIDatePicker" */ = {
			isa = XCConfigurationList;
			buildConfigurations = (
				403A50BF222284B2009D728F /* Debug */,
				403A50C0222284B2009D728F /* Release */,
			);
			defaultConfigurationIsVisible = 0;
			defaultConfigurationName = Release;
		};
		403A50C1222284B2009D728F /* Build configuration list for PBXNativeTarget "1.UIDatePicker" */ = {
			isa = XCConfigurationList;
			buildConfigurations = (
				403A50C2222284B2009D728F /* Debug */,
				403A50C3222284B2009D728F /* Release */,
			);
			defaultConfigurationIsVisible = 0;
			defaultConfigurationName = Release;
		};
		403A50C4222284B2009D728F /* Build configuration list for PBXNativeTarget "1.UIDatePickerTests" */ = {
			isa = XCConfigurationList;
			buildConfigurations = (
				403A50C5222284B2009D728F /* Debug */,
				403A50C6222284B2009D728F /* Release */,
			);
			defaultConfigurationIsVisible = 0;
			defaultConfigurationName = Release;
		};
		403A50C7222284B2009D728F /* Build configuration list for PBXNativeTarget "1.UIDatePickerUITests" */ = {
			isa = XCConfigurationList;
			buildConfigurations = (
				403A50C8222284B2009D728F /* Debug */,
				403A50C9222284B2009D728F /* Release */,
			);
			defaultConfigurationIsVisible = 0;
			defaultConfigurationName = Release;
		};
/* End XCConfigurationList section */
	};
	rootObject = 403A5091222284B2009D728F /* Project object */;
}
